
Microsoft Visual Studio Solution File, Format Version 12.00
# Visual Studio Version 17
VisualStudioVersion = 17.10.35122.118
MinimumVisualStudioVersion = 10.0.40219.1
Project("{2150E333-8FDC-42A3-9474-1A3956D46DE8}") = "HTML", "HTML", "{C9C01DC9-77BA-4CCC-9971-F2F7F1409E3E}"
	ProjectSection(SolutionItems) = preProject
		callback.html = callback.html
		Home.html = Home.html
	EndProjectSection
EndProject
Project("{2150E333-8FDC-42A3-9474-1A3956D46DE8}") = "CSS", "CSS", "{396E35FD-826D-4D96-A07D-2A3697C21856}"
	ProjectSection(SolutionItems) = preProject
		style.css = style.css
	EndProjectSection
EndProject
Project("{2150E333-8FDC-42A3-9474-1A3956D46DE8}") = "Solution Items", "Solution Items", "{C0632014-F669-404D-ABCE-2E371D8CAAC8}"
	ProjectSection(SolutionItems) = preProject
		script.js = script.js
	EndProjectSection
EndProject
Global
	GlobalSection(SolutionProperties) = preSolution
		HideSolutionNode = FALSE
	EndGlobalSection
	GlobalSection(ExtensibilityGlobals) = postSolution
		SolutionGuid = {6369AE3C-3EDA-4295-81BB-62A9263935A0}
	EndGlobalSection
EndGlobal
